
Microsoft Visual Studio Solution File, Format Version 12.00
# Visual Studio Version 17
VisualStudioVersion = 17.1.32210.238
MinimumVisualStudioVersion = 10.0.40219.1
Project("{FAE04EC0-301F-11D3-BF4B-00C04F79EFBC}") = "Calculadora-Buteco-ReactJS", "Calculadora-Buteco-ReactJS\Calculadora-Buteco-ReactJS.csproj", "{55DA1F24-5CC1-4708-90C6-C3DA125C9757}"
EndProject
Global
	GlobalSection(SolutionConfigurationPlatforms) = preSolution
		Debug|Any CPU = Debug|Any CPU
		Release|Any CPU = Release|Any CPU
	EndGlobalSection
	GlobalSection(ProjectConfigurationPlatforms) = postSolution
		{55DA1F24-5CC1-4708-90C6-C3DA125C9757}.Debug|Any CPU.ActiveCfg = Debug|Any CPU
		{55DA1F24-5CC1-4708-90C6-C3DA125C9757}.Debug|Any CPU.Build.0 = Debug|Any CPU
		{55DA1F24-5CC1-4708-90C6-C3DA125C9757}.Release|Any CPU.ActiveCfg = Release|Any CPU
		{55DA1F24-5CC1-4708-90C6-C3DA125C9757}.Release|Any CPU.Build.0 = Release|Any CPU
	EndGlobalSection
	GlobalSection(SolutionProperties) = preSolution
		HideSolutionNode = FALSE
	EndGlobalSection
	GlobalSection(ExtensibilityGlobals) = postSolution
		SolutionGuid = {65412598-063E-41F2-A88E-3114653BC23B}
	EndGlobalSection
EndGlobal
